
Microsoft Visual Studio Solution File, Format Version 12.00
# Visual Studio Version 16
VisualStudioVersion = 16.0.31205.134
MinimumVisualStudioVersion = 10.0.40219.1
Project("{FAE04EC0-301F-11D3-BF4B-00C04F79EFBC}") = "SearchFiles", "SearchFiles\SearchFiles.csproj", "{F8B2EF9B-57BC-4989-A552-EA739E952640}"
EndProject
Global
	GlobalSection(SolutionConfigurationPlatforms) = preSolution
		Debug|Any CPU = Debug|Any CPU
		Release|Any CPU = Release|Any CPU
	EndGlobalSection
	GlobalSection(ProjectConfigurationPlatforms) = postSolution
		{F8B2EF9B-57BC-4989-A552-EA739E952640}.Debug|Any CPU.ActiveCfg = Debug|Any CPU
		{F8B2EF9B-57BC-4989-A552-EA739E952640}.Debug|Any CPU.Build.0 = Debug|Any CPU
		{F8B2EF9B-57BC-4989-A552-EA739E952640}.Release|Any CPU.ActiveCfg = Release|Any CPU
		{F8B2EF9B-57BC-4989-A552-EA739E952640}.Release|Any CPU.Build.0 = Release|Any CPU
	EndGlobalSection
	GlobalSection(SolutionProperties) = preSolution
		HideSolutionNode = FALSE
	EndGlobalSection
	GlobalSection(ExtensibilityGlobals) = postSolution
		SolutionGuid = {88263AB7-9061-4F15-9D50-DD749650B3EF}
	EndGlobalSection
EndGlobal
